
Microsoft Visual Studio Solution File, Format Version 12.00
# Visual Studio Version 17
VisualStudioVersion = 17.5.33516.290
MinimumVisualStudioVersion = 10.0.40219.1
Project("{FAE04EC0-301F-11D3-BF4B-00C04F79EFBC}") = "NLayer.Core", "NLayer.Core\NLayer.Core.csproj", "{096BD6EE-3BA1-43A3-A7D4-20186CF5628A}"
EndProject
Project("{FAE04EC0-301F-11D3-BF4B-00C04F79EFBC}") = "NLayer.Repository", "NLayer.Repository\NLayer.Repository.csproj", "{CF968402-D733-4CD6-904F-7EB2BF4BB105}"
EndProject
Project("{FAE04EC0-301F-11D3-BF4B-00C04F79EFBC}") = "NLayer.Service", "NLayer.Service\NLayer.Service.csproj", "{3E9E2037-5A99-4789-97D5-ED96DBEBFCF5}"
EndProject
Project("{FAE04EC0-301F-11D3-BF4B-00C04F79EFBC}") = "NLayer.API", "NLayer.API\NLayer.API.csproj", "{4B213951-20C8-4ABA-B51F-2D944A616874}"
EndProject
Project("{FAE04EC0-301F-11D3-BF4B-00C04F79EFBC}") = "NLayer.Web", "NLayer.Web\NLayer.Web.csproj", "{F9E9CA45-AB2C-4865-85EE-0F5272283A07}"
EndProject
Project("{FAE04EC0-301F-11D3-BF4B-00C04F79EFBC}") = "NLayer.Caching", "NLayer.Caching\NLayer.Caching.csproj", "{B03A67B7-4168-4507-B554-5406DD04F096}"
EndProject
Global
	GlobalSection(SolutionConfigurationPlatforms) = preSolution
		Debug|Any CPU = Debug|Any CPU
		Release|Any CPU = Release|Any CPU
	EndGlobalSection
	GlobalSection(ProjectConfigurationPlatforms) = postSolution
		{096BD6EE-3BA1-43A3-A7D4-20186CF5628A}.Debug|Any CPU.ActiveCfg = Debug|Any CPU
		{096BD6EE-3BA1-43A3-A7D4-20186CF5628A}.Debug|Any CPU.Build.0 = Debug|Any CPU
		{096BD6EE-3BA1-43A3-A7D4-20186CF5628A}.Release|Any CPU.ActiveCfg = Release|Any CPU
		{096BD6EE-3BA1-43A3-A7D4-20186CF5628A}.Release|Any CPU.Build.0 = Release|Any CPU
		{CF968402-D733-4CD6-904F-7EB2BF4BB105}.Debug|Any CPU.ActiveCfg = Debug|Any CPU
		{CF968402-D733-4CD6-904F-7EB2BF4BB105}.Debug|Any CPU.Build.0 = Debug|Any CPU
		{CF968402-D733-4CD6-904F-7EB2BF4BB105}.Release|Any CPU.ActiveCfg = Release|Any CPU
		{CF968402-D733-4CD6-904F-7EB2BF4BB105}.Release|Any CPU.Build.0 = Release|Any CPU
		{3E9E2037-5A99-4789-97D5-ED96DBEBFCF5}.Debug|Any CPU.ActiveCfg = Debug|Any CPU
		{3E9E2037-5A99-4789-97D5-ED96DBEBFCF5}.Debug|Any CPU.Build.0 = Debug|Any CPU
		{3E9E2037-5A99-4789-97D5-ED96DBEBFCF5}.Release|Any CPU.ActiveCfg = Release|Any CPU
		{3E9E2037-5A99-4789-97D5-ED96DBEBFCF5}.Release|Any CPU.Build.0 = Release|Any CPU
		{4B213951-20C8-4ABA-B51F-2D944A616874}.Debug|Any CPU.ActiveCfg = Debug|Any CPU
		{4B213951-20C8-4ABA-B51F-2D944A616874}.Debug|Any CPU.Build.0 = Debug|Any CPU
		{4B213951-20C8-4ABA-B51F-2D944A616874}.Release|Any CPU.ActiveCfg = Release|Any CPU
		{4B213951-20C8-4ABA-B51F-2D944A616874}.Release|Any CPU.Build.0 = Release|Any CPU
		{F9E9CA45-AB2C-4865-85EE-0F5272283A07}.Debug|Any CPU.ActiveCfg = Debug|Any CPU
		{F9E9CA45-AB2C-4865-85EE-0F5272283A07}.Debug|Any CPU.Build.0 = Debug|Any CPU
		{F9E9CA45-AB2C-4865-85EE-0F5272283A07}.Release|Any CPU.ActiveCfg = Release|Any CPU
		{F9E9CA45-AB2C-4865-85EE-0F5272283A07}.Release|Any CPU.Build.0 = Release|Any CPU
		{B03A67B7-4168-4507-B554-5406DD04F096}.Debug|Any CPU.ActiveCfg = Debug|Any CPU
		{B03A67B7-4168-4507-B554-5406DD04F096}.Debug|Any CPU.Build.0 = Debug|Any CPU
		{B03A67B7-4168-4507-B554-5406DD04F096}.Release|Any CPU.ActiveCfg = Release|Any CPU
		{B03A67B7-4168-4507-B554-5406DD04F096}.Release|Any CPU.Build.0 = Release|Any CPU
	EndGlobalSection
	GlobalSection(SolutionProperties) = preSolution
		HideSolutionNode = FALSE
	EndGlobalSection
	GlobalSection(ExtensibilityGlobals) = postSolution
		SolutionGuid = {EC92DB9D-EDD1-42F4-BF0A-19AA9C92AC0C}
	EndGlobalSection
EndGlobal
